
Microsoft Visual Studio Solution File, Format Version 12.00
# Visual Studio Version 17
VisualStudioVersion = 17.14.36221.1 d17.14
MinimumVisualStudioVersion = 10.0.40219.1
Project("{8BC9CEB8-8B4A-11D0-8D11-00A0C91BC942}") = "CheckHook", "CheckHook.vcxproj", "{2CA01960-DA96-4F89-92C6-5AEE3372835A}"
EndProject
Global
	GlobalSection(SolutionConfigurationPlatforms) = preSolution
		Debug|x64 = Debug|x64
		Debug|x86 = Debug|x86
		Release|x64 = Release|x64
		Release|x86 = Release|x86
	EndGlobalSection
	GlobalSection(ProjectConfigurationPlatforms) = postSolution
		{2CA01960-DA96-4F89-92C6-5AEE3372835A}.Debug|x64.ActiveCfg = Debug|x64
		{2CA01960-DA96-4F89-92C6-5AEE3372835A}.Debug|x64.Build.0 = Debug|x64
		{2CA01960-DA96-4F89-92C6-5AEE3372835A}.Debug|x86.ActiveCfg = Debug|Win32
		{2CA01960-DA96-4F89-92C6-5AEE3372835A}.Debug|x86.Build.0 = Debug|Win32
		{2CA01960-DA96-4F89-92C6-5AEE3372835A}.Release|x64.ActiveCfg = Release|x64
		{2CA01960-DA96-4F89-92C6-5AEE3372835A}.Release|x64.Build.0 = Release|x64
		{2CA01960-DA96-4F89-92C6-5AEE3372835A}.Release|x86.ActiveCfg = Release|Win32
		{2CA01960-DA96-4F89-92C6-5AEE3372835A}.Release|x86.Build.0 = Release|Win32
	EndGlobalSection
	GlobalSection(SolutionProperties) = preSolution
		HideSolutionNode = FALSE
	EndGlobalSection
	GlobalSection(ExtensibilityGlobals) = postSolution
		SolutionGuid = {2D0F58AD-BDEB-4A44-9640-54FEB668351B}
	EndGlobalSection
EndGlobal
